# Generated from the clean release-candidate image on 2026-08-23.
# Update deliberately after running the full test and security checks.
annotated-doc==0.0.5
annotated-types==0.8.0
anyio==4.14.2
black==26.5.1
certifi==2026.7.22
charset-normalizer==3.5.1
click==8.4.2
duckdb==1.5.5
Events==0.5
fastapi==0.141.1
grpcio==1.83.0
h11==0.16.0
httpcore==1.0.9
httptools==0.8.0
httpx==0.28.1
idna==3.19
iniconfig==2.3.0
mypy_extensions==1.1.0
numpy==2.5.2
opensearch-protobufs==1.2.0
opensearch-py==3.2.0
packaging==26.3
pandas==3.0.5
pathspec==1.1.1
pip==25.0.1
platformdirs==4.11.3
pluggy==1.6.0
protobuf==7.36.0
pyarrow==25.0.1
pydantic==2.13.4
pydantic-settings==2.15.0
pydantic_core==2.46.4
Pygments==2.21.0
pytest==9.1.1
python-dateutil==2.9.0.post0
python-dotenv==1.2.3
python-multipart==0.0.32
pytokens==0.4.1
PyYAML==6.0.3
requests==2.34.2
ruff==0.16.4
six==1.17.0
starlette==1.6.0
tqdm==4.70.0
typing-inspection==0.4.4
typing_extensions==4.16.0
urllib3==2.7.0
uvicorn==0.52.4
uvloop==0.22.1
watchfiles==1.2.0
websockets==17.0.1
